github.com/bsm/ginkgo/v2 v2.12.0 h1:Ny8MWAHyOepLGlLKYmXG4IEkioBysk6GpaRTLC8zwWs=
github.com/bsm/ginkgo/v2 v2.12.0/go.mod h1:SwYbGRRDovPVboqFv0tPTcG1sN61LM1Z4ARdbAV9g4c=
github.com/bsm/gomega v1.27.10 h1:yeMWxP2pV2fG3FgAODIY8EiRE3dy0aeFYt4l7wh6yKA=
github.com/bsm/gomega v1.27.10/go.mod h1:JyEr/xRbxbtgWNi8tIEVPUYZ5Dzef52k01W3YH0H+O0=
github.com/cespare/xxhash/v2 v2.3.0 h1:UL815xU9SqsFlibzuggzjXhog7bL6oX9BbNZnL2UFvs=
github.com/cespare/xxhash/v2 v2.3.0/go.mod h1:VGX0DQ3Q6kWi7AoAeZDth3/j3BFtOZR5XLFGgcrjCOs=
github.com/dgryski/go-rendezvous v0.0.0-20200823014737-9f7001d12a5f h1:lO4WD4F/rVNCu3HqELle0jiPLLBs70cWOduZpkS1E78=
github.com/dgryski/go-rendezvous v0.0.0-20200823014737-9f7001d12a5f/go.mod h1:cuUVRXasLTGF7a8hSLbxyZXjz+1KgoB3wDUb6vlszIc=
github.com/go-chi/chi/v5 v5.1.0 h1:acVI1TYaD+hhedDJ3r54HyA6sExp3HfXq7QWEEY/xMw=
github.com/go-chi/chi/v5 v5.1.0/go.mod h1:DslCQbL2OYiznFReuXYUmQ2hGd1aDpCnlMNITLSKoi8=
github.com/google/gofuzz v1.2.0 h1:xRy4A+RhZaiKjJ1bPfwQ8sedCA+YS2YcCHW6ec7JMi0=
github.com/google/gofuzz v1.2.0/go.mod h1:dBl0BpW6vV/+mYPU4Po3pmUjxk6FQPldtuIdl/M65Eg=
github.com/gorilla/csrf v1.7.2 h1:oTUjx0vyf2T+wkrx09Trsev1TE+/EbDAeHtSTbtC2eI=
github.com/gorilla/csrf v1.7.2/go.mod h1:F1Fj3KG23WYHE6gozCmBAezKookxbIvUJT+121wTuLk=
github.com/gorilla/securecookie v1.1.2 h1:YCIWL56dvtr73r6715mJs5ZvhtnY73hBvEF8kXD8ePA=
github.com/gorilla/securecookie v1.1.2/go.mod h1:NfCASbcHqRSY+3a8tlWJwsQap2VX5pwzwo4h3eOamfo=
github.com/gorilla/sessions v1.3.0 h1:XYlkq7KcpOB2ZhHBPv5WpjMIxrQosiZanfoy1HLZFzg=
github.com/gorilla/sessions v1.3.0/go.mod h1:ePLdVu+jbEgHH+KWw8I1z2wqd0BAdAQh/8LRvBeoNcQ=
github.com/jeannot-muller/marstore v1.0.0 h1:eG15BtBuXq2/zL/IrR1I+1azLAf8iqysfKT/hdN2Q4U=
github.com/jeannot-muller/marstore v1.0.0/go.mod h1:vxroyjjh+SP76le4pD8vc+d4KMOXOMONai/55HFDMUc=
github.com/jeannot-muller/marstore v1.0.1/go.mod h1:vxroyjjh+SP76le4pD8vc+d4KMOXOMONai/55HFDMUc=
github.com/no-src/redistore v0.0.0-20240730010141-6e59398609a4 h1:yUD8QQ/JftEom6JK441DO0sqOi4UuegU3U4Ghay4HIc=
github.com/no-src/redistore v0.0.0-20240730010141-6e59398609a4/go.mod h1:RukrADHD4GAmLnH0RnAggIraehMkCa42PNP/gauw/5o=
github.com/pkg/errors v0.9.1 h1:FEBLx1zS214owpjy7qsBeixbURkuhQAwrK5UwLGTwt4=
github.com/pkg/errors v0.9.1/go.mod h1:bwawxfHBFNV+L2hUp1rHADufV3IMtnDRdf1r5NINEl0=
github.com/redis/go-redis/v9 v9.6.1 h1:HHDteefn6ZkTtY5fGUE8tj8uy85AHk6zP7CpzIAM0y4=
github.com/redis/go-redis/v9 v9.6.1/go.mod h1:0C0c6ycQsdpVNQpxb1njEQIqkx5UcsM8FJCQLgE9+RA=
